
Microsoft Visual Studio Solution File, Format Version 12.00
# Visual Studio Version 16
VisualStudioVersion = 16.0.30907.101
MinimumVisualStudioVersion = 10.0.40219.1
Project("{9A19103F-16F7-4668-BE54-9A1E7A4F7556}") = "Domain", "Domain\Domain.csproj", "{2EA42494-4237-4C4B-9646-B7EDD5125A29}"
EndProject
Project("{9A19103F-16F7-4668-BE54-9A1E7A4F7556}") = "Application", "Application\Application.csproj", "{B4F93234-562E-4110-9223-0796F50D4709}"
EndProject
Project("{9A19103F-16F7-4668-BE54-9A1E7A4F7556}") = "Persistence", "Persistence\Persistence.csproj", "{18BE50E6-EFA6-4862-990D-05DFF373BB09}"
EndProject
Project("{9A19103F-16F7-4668-BE54-9A1E7A4F7556}") = "APIService", "APIService\APIService.csproj", "{A26CC45F-5743-41DB-940F-8BC12AE4D72C}"
EndProject
Project("{E24C65DC-7377-472B-9ABA-BC803B73C61A}") = "client-app", "client-app\", "{0C1DE330-E34C-4885-B48F-8CF5149ED6BE}"
	ProjectSection(WebsiteProperties) = preProject
		TargetFrameworkMoniker = ".NETFramework,Version%3Dv4.0"
		Debug.AspNetCompiler.VirtualPath = "/localhost_57116"
		Debug.AspNetCompiler.PhysicalPath = "client-app\"
		Debug.AspNetCompiler.TargetPath = "PrecompiledWeb\localhost_57116\"
		Debug.AspNetCompiler.Updateable = "true"
		Debug.AspNetCompiler.ForceOverwrite = "true"
		Debug.AspNetCompiler.FixedNames = "false"
		Debug.AspNetCompiler.Debug = "True"
		Release.AspNetCompiler.VirtualPath = "/localhost_57116"
		Release.AspNetCompiler.PhysicalPath = "client-app\"
		Release.AspNetCompiler.TargetPath = "PrecompiledWeb\localhost_57116\"
		Release.AspNetCompiler.Updateable = "true"
		Release.AspNetCompiler.ForceOverwrite = "true"
		Release.AspNetCompiler.FixedNames = "false"
		Release.AspNetCompiler.Debug = "False"
		VWDPort = "57116"
	EndProjectSection
EndProject
Global
	GlobalSection(SolutionConfigurationPlatforms) = preSolution
		Debug|Any CPU = Debug|Any CPU
		Release|Any CPU = Release|Any CPU
	EndGlobalSection
	GlobalSection(ProjectConfigurationPlatforms) = postSolution
		{2EA42494-4237-4C4B-9646-B7EDD5125A29}.Debug|Any CPU.ActiveCfg = Debug|Any CPU
		{2EA42494-4237-4C4B-9646-B7EDD5125A29}.Debug|Any CPU.Build.0 = Debug|Any CPU
		{2EA42494-4237-4C4B-9646-B7EDD5125A29}.Release|Any CPU.ActiveCfg = Release|Any CPU
		{2EA42494-4237-4C4B-9646-B7EDD5125A29}.Release|Any CPU.Build.0 = Release|Any CPU
		{B4F93234-562E-4110-9223-0796F50D4709}.Debug|Any CPU.ActiveCfg = Debug|Any CPU
		{B4F93234-562E-4110-9223-0796F50D4709}.Debug|Any CPU.Build.0 = Debug|Any CPU
		{B4F93234-562E-4110-9223-0796F50D4709}.Release|Any CPU.ActiveCfg = Release|Any CPU
		{B4F93234-562E-4110-9223-0796F50D4709}.Release|Any CPU.Build.0 = Release|Any CPU
		{18BE50E6-EFA6-4862-990D-05DFF373BB09}.Debug|Any CPU.ActiveCfg = Debug|Any CPU
		{18BE50E6-EFA6-4862-990D-05DFF373BB09}.Debug|Any CPU.Build.0 = Debug|Any CPU
		{18BE50E6-EFA6-4862-990D-05DFF373BB09}.Release|Any CPU.ActiveCfg = Release|Any CPU
		{18BE50E6-EFA6-4862-990D-05DFF373BB09}.Release|Any CPU.Build.0 = Release|Any CPU
		{A26CC45F-5743-41DB-940F-8BC12AE4D72C}.Debug|Any CPU.ActiveCfg = Debug|Any CPU
		{A26CC45F-5743-41DB-940F-8BC12AE4D72C}.Debug|Any CPU.Build.0 = Debug|Any CPU
		{A26CC45F-5743-41DB-940F-8BC12AE4D72C}.Release|Any CPU.ActiveCfg = Release|Any CPU
		{A26CC45F-5743-41DB-940F-8BC12AE4D72C}.Release|Any CPU.Build.0 = Release|Any CPU
		{0C1DE330-E34C-4885-B48F-8CF5149ED6BE}.Debug|Any CPU.ActiveCfg = Debug|Any CPU
		{0C1DE330-E34C-4885-B48F-8CF5149ED6BE}.Debug|Any CPU.Build.0 = Debug|Any CPU
		{0C1DE330-E34C-4885-B48F-8CF5149ED6BE}.Release|Any CPU.ActiveCfg = Debug|Any CPU
		{0C1DE330-E34C-4885-B48F-8CF5149ED6BE}.Release|Any CPU.Build.0 = Debug|Any CPU
	EndGlobalSection
	GlobalSection(SolutionProperties) = preSolution
		HideSolutionNode = FALSE
	EndGlobalSection
	GlobalSection(ExtensibilityGlobals) = postSolution
		SolutionGuid = {4E4D4271-0EC4-46DF-AFD9-583B37774C38}
	EndGlobalSection
EndGlobal
